
Microsoft Visual Studio Solution File, Format Version 10.00
# Visual Studio 2008
Project("{FAE04EC0-301F-11D3-BF4B-00C04F79EFBC}") = "shrink", "shrink.csproj", "{053CCD11-623B-4A83-981C-103401CDD8ED}"
EndProject
Global
	GlobalSection(SolutionConfigurationPlatforms) = preSolution
		Debug|Any CPU = Debug|Any CPU
		Release|Any CPU = Release|Any CPU
	EndGlobalSection
	GlobalSection(ProjectConfigurationPlatforms) = postSolution
		{053CCD11-623B-4A83-981C-103401CDD8ED}.Debug|Any CPU.ActiveCfg = Release|Any CPU
		{053CCD11-623B-4A83-981C-103401CDD8ED}.Debug|Any CPU.Build.0 = Release|Any CPU
		{053CCD11-623B-4A83-981C-103401CDD8ED}.Release|Any CPU.ActiveCfg = Release|Any CPU
		{053CCD11-623B-4A83-981C-103401CDD8ED}.Release|Any CPU.Build.0 = Release|Any CPU
	EndGlobalSection
	GlobalSection(SolutionProperties) = preSolution
		HideSolutionNode = FALSE
	EndGlobalSection
EndGlobal
